// !$*UTF8*$!
{
	archiveVersion = 1;
	classes = {
	};
	objectVersion = 46;
	objects = {

/* Begin PBXBuildFile section */
		127675001E232E1F00086D4D /* AppDelegate.swift in Sources */ = {isa = PBXBuildFile; fileRef = 127674FF1E232E1F00086D4D /* AppDelegate.swift */; };
		127675021E232E1F00086D4D /* ViewController.swift in Sources */ = {isa = PBXBuildFile; fileRef = 127675011E232E1F00086D4D /* ViewController.swift */; };
		127675051E232E1F00086D4D /* Main.storyboard in Resources */ = {isa = PBXBuildFile; fileRef = 127675031E232E1F00086D4D /* Main.storyboard */; };
		127675071E232E1F00086D4D /* Assets.xcassets in Resources */ = {isa = PBXBuildFile; fileRef = 127675061E232E1F00086D4D /* Assets.xcassets */; };
		1276750A1E232E1F00086D4D /* LaunchScreen.storyboard in Resources */ = {isa = PBXBuildFile; fileRef = 127675081E232E1F00086D4D /* LaunchScreen.storyboard */; };
		127675121E2335E500086D4D /* Camera.swift in Sources */ = {isa = PBXBuildFile; fileRef = 127675111E2335E500086D4D /* Camera.swift */; };
		127675181E23396E00086D4D /* Camera+Photo.swift in Sources */ = {isa = PBXBuildFile; fileRef = 127675171E23396E00086D4D /* Camera+Photo.swift */; };
		1276751A1E23397800086D4D /* Camera+Video.swift in Sources */ = {isa = PBXBuildFile; fileRef = 127675191E23397800086D4D /* Camera+Video.swift */; };
		1276751E1E235FC900086D4D /* CameraViewController.swift in Sources */ = {isa = PBXBuildFile; fileRef = 1276751D1E235FC900086D4D /* CameraViewController.swift */; };
		127675201E237EB000086D4D /* CapturePhotoDelegate.swift in Sources */ = {isa = PBXBuildFile; fileRef = 1276751F1E237EB000086D4D /* CapturePhotoDelegate.swift */; };
		127675221E23A7A100086D4D /* Camera.storyboard in Resources */ = {isa = PBXBuildFile; fileRef = 127675211E23A7A100086D4D /* Camera.storyboard */; };
		127675241E23A9DC00086D4D /* Camera+PreviewView.swift in Sources */ = {isa = PBXBuildFile; fileRef = 127675231E23A9DC00086D4D /* Camera+PreviewView.swift */; };
		12B47FC01E24C22700B7B6DE /* Camera+TriggerView.swift in Sources */ = {isa = PBXBuildFile; fileRef = 12B47FBF1E24C22700B7B6DE /* Camera+TriggerView.swift */; };
/* End PBXBuildFile section */

/* Begin PBXFileReference section */
		127674FC1E232E1F00086D4D /* Camera.app */ = {isa = PBXFileReference; explicitFileType = wrapper.application; includeInIndex = 0; path = Camera.app; sourceTree = BUILT_PRODUCTS_DIR; };
		127674FF1E232E1F00086D4D /* AppDelegate.swift */ = {isa = PBXFileReference; lastKnownFileType = sourcecode.swift; path = AppDelegate.swift; sourceTree = "<group>"; };
		127675011E232E1F00086D4D /* ViewController.swift */ = {isa = PBXFileReference; lastKnownFileType = sourcecode.swift; path = ViewController.swift; sourceTree = "<group>"; };
		127675041E232E1F00086D4D /* Base */ = {isa = PBXFileReference; lastKnownFileType = file.storyboard; name = Base; path = Base.lproj/Main.storyboard; sourceTree = "<group>"; };
		127675061E232E1F00086D4D /* Assets.xcassets */ = {isa = PBXFileReference; lastKnownFileType = folder.assetcatalog; path = Assets.xcassets; sourceTree = "<group>"; };
		127675091E232E1F00086D4D /* Base */ = {isa = PBXFileReference; lastKnownFileType = file.storyboard; name = Base; path = Base.lproj/LaunchScreen.storyboard; sourceTree = "<group>"; };
		1276750B1E232E1F00086D4D /* Info.plist */ = {isa = PBXFileReference; lastKnownFileType = text.plist.xml; path = Info.plist; sourceTree = "<group>"; };
		127675111E2335E500086D4D /* Camera.swift */ = {isa = PBXFileReference; fileEncoding = 4; lastKnownFileType = sourcecode.swift; path = Camera.swift; sourceTree = "<group>"; };
		127675171E23396E00086D4D /* Camera+Photo.swift */ = {isa = PBXFileReference; fileEncoding = 4; lastKnownFileType = sourcecode.swift; path = "Camera+Photo.swift"; sourceTree = "<group>"; };
		127675191E23397800086D4D /* Camera+Video.swift */ = {isa = PBXFileReference; fileEncoding = 4; lastKnownFileType = sourcecode.swift; path = "Camera+Video.swift"; sourceTree = "<group>"; };
		1276751D1E235FC900086D4D /* CameraViewController.swift */ = {isa = PBXFileReference; fileEncoding = 4; lastKnownFileType = sourcecode.swift; path = CameraViewController.swift; sourceTree = "<group>"; };
		1276751F1E237EB000086D4D /* CapturePhotoDelegate.swift */ = {isa = PBXFileReference; fileEncoding = 4; lastKnownFileType = sourcecode.swift; path = CapturePhotoDelegate.swift; sourceTree = "<group>"; };
		127675211E23A7A100086D4D /* Camera.storyboard */ = {isa = PBXFileReference; fileEncoding = 4; lastKnownFileType = file.storyboard; path = Camera.storyboard; sourceTree = "<group>"; };
		127675231E23A9DC00086D4D /* Camera+PreviewView.swift */ = {isa = PBXFileReference; fileEncoding = 4; lastKnownFileType = sourcecode.swift; path = "Camera+PreviewView.swift"; sourceTree = "<group>"; };
		12B47FBF1E24C22700B7B6DE /* Camera+TriggerView.swift */ = {isa = PBXFileReference; fileEncoding = 4; lastKnownFileType = sourcecode.swift; path = "Camera+TriggerView.swift"; sourceTree = "<group>"; };
/* End PBXFileReference section */

/* Begin PBXFrameworksBuildPhase section */
		127674F91E232E1E00086D4D /* Frameworks */ = {
			isa = PBXFrameworksBuildPhase;
			buildActionMask = 2147483647;
			files = (
			);
			runOnlyForDeploymentPostprocessing = 0;
		};
/* End PBXFrameworksBuildPhase section */

/* Begin PBXGroup section */
		127674F31E232E1E00086D4D = {
			isa = PBXGroup;
			children = (
				127674FE1E232E1F00086D4D /* Camera */,
				127674FD1E232E1F00086D4D /* Products */,
			);
			sourceTree = "<group>";
		};
		127674FD1E232E1F00086D4D /* Products */ = {
			isa = PBXGroup;
			children = (
				127674FC1E232E1F00086D4D /* Camera.app */,
			);
			name = Products;
			sourceTree = "<group>";
		};
		127674FE1E232E1F00086D4D /* Camera */ = {
			isa = PBXGroup;
			children = (
				127674FF1E232E1F00086D4D /* AppDelegate.swift */,
				127675011E232E1F00086D4D /* ViewController.swift */,
				1276751D1E235FC900086D4D /* CameraViewController.swift */,
				127675211E23A7A100086D4D /* Camera.storyboard */,
				127675111E2335E500086D4D /* Camera.swift */,
				1276751F1E237EB000086D4D /* CapturePhotoDelegate.swift */,
				127675171E23396E00086D4D /* Camera+Photo.swift */,
				127675191E23397800086D4D /* Camera+Video.swift */,
				127675231E23A9DC00086D4D /* Camera+PreviewView.swift */,
				12B47FBF1E24C22700B7B6DE /* Camera+TriggerView.swift */,
				127675031E232E1F00086D4D /* Main.storyboard */,
				127675061E232E1F00086D4D /* Assets.xcassets */,
				127675081E232E1F00086D4D /* LaunchScreen.storyboard */,
				1276750B1E232E1F00086D4D /* Info.plist */,
			);
			path = Camera;
			sourceTree = "<group>";
		};
/* End PBXGroup section */

/* Begin PBXNativeTarget section */
		127674FB1E232E1E00086D4D /* Camera */ = {
			isa = PBXNativeTarget;
			buildConfigurationList = 1276750E1E232E1F00086D4D /* Build configuration list for PBXNativeTarget "Camera" */;
			buildPhases = (
				127674F81E232E1E00086D4D /* Sources */,
				127674F91E232E1E00086D4D /* Frameworks */,
				127674FA1E232E1E00086D4D /* Resources */,
			);
			buildRules = (
			);
			dependencies = (
			);
			name = Camera;
			productName = Camera;
			productReference = 127674FC1E232E1F00086D4D /* Camera.app */;
			productType = "com.apple.product-type.application";
		};
/* End PBXNativeTarget section */

/* Begin PBXProject section */
		127674F41E232E1E00086D4D /* Project object */ = {
			isa = PBXProject;
			attributes = {
				LastSwiftUpdateCheck = 0820;
				LastUpgradeCheck = 0820;
				ORGANIZATIONNAME = "Stamp inc";
				TargetAttributes = {
					127674FB1E232E1E00086D4D = {
						CreatedOnToolsVersion = 8.2.1;
						DevelopmentTeam = 88ACA86N96;
						ProvisioningStyle = Automatic;
					};
				};
			};
			buildConfigurationList = 127674F71E232E1E00086D4D /* Build configuration list for PBXProject "Camera" */;
			compatibilityVersion = "Xcode 3.2";
			developmentRegion = English;
			hasScannedForEncodings = 0;
			knownRegions = (
				en,
				Base,
			);
			mainGroup = 127674F31E232E1E00086D4D;
			productRefGroup = 127674FD1E232E1F00086D4D /* Products */;
			projectDirPath = "";
			projectRoot = "";
			targets = (
				127674FB1E232E1E00086D4D /* Camera */,
			);
		};
/* End PBXProject section */

/* Begin PBXResourcesBuildPhase section */
		127674FA1E232E1E00086D4D /* Resources */ = {
			isa = PBXResourcesBuildPhase;
			buildActionMask = 2147483647;
			files = (
				1276750A1E232E1F00086D4D /* LaunchScreen.storyboard in Resources */,
				127675221E23A7A100086D4D /* Camera.storyboard in Resources */,
				127675071E232E1F00086D4D /* Assets.xcassets in Resources */,
				127675051E232E1F00086D4D /* Main.storyboard in Resources */,
			);
			runOnlyForDeploymentPostprocessing = 0;
		};
/* End PBXResourcesBuildPhase section */

/* Begin PBXSourcesBuildPhase section */
		127674F81E232E1E00086D4D /* Sources */ = {
			isa = PBXSourcesBuildPhase;
			buildActionMask = 2147483647;
			files = (
				127675241E23A9DC00086D4D /* Camera+PreviewView.swift in Sources */,
				127675021E232E1F00086D4D /* ViewController.swift in Sources */,
				1276751A1E23397800086D4D /* Camera+Video.swift in Sources */,
				127675001E232E1F00086D4D /* AppDelegate.swift in Sources */,
				127675201E237EB000086D4D /* CapturePhotoDelegate.swift in Sources */,
				12B47FC01E24C22700B7B6DE /* Camera+TriggerView.swift in Sources */,
				1276751E1E235FC900086D4D /* CameraViewController.swift in Sources */,
				127675121E2335E500086D4D /* Camera.swift in Sources */,
				127675181E23396E00086D4D /* Camera+Photo.swift in Sources */,
			);
			runOnlyForDeploymentPostprocessing = 0;
		};
/* End PBXSourcesBuildPhase section */

/* Begin PBXVariantGroup section */
		127675031E232E1F00086D4D /* Main.storyboard */ = {
			isa = PBXVariantGroup;
			children = (
				127675041E232E1F00086D4D /* Base */,
			);
			name = Main.storyboard;
			sourceTree = "<group>";
		};
		127675081E232E1F00086D4D /* LaunchScreen.storyboard */ = {
			isa = PBXVariantGroup;
			children = (
				127675091E232E1F00086D4D /* Base */,
			);
			name = LaunchScreen.storyboard;
			sourceTree = "<group>";
		};
/* End PBXVariantGroup section */

/* Begin XCBuildConfiguration section */
		1276750C1E232E1F00086D4D /* Debug */ = {
			isa = XCBuildConfiguration;
			buildSettings = {
				ALWAYS_SEARCH_USER_PATHS = NO;
				CLANG_ANALYZER_NONNULL = YES;
				CLANG_CXX_LANGUAGE_STANDARD = "gnu++0x";
				CLANG_CXX_LIBRARY = "libc++";
				CLANG_ENABLE_MODULES = YES;
				CLANG_ENABLE_OBJC_ARC = YES;
				CLANG_WARN_BOOL_CONVERSION = YES;
				CLANG_WARN_CONSTANT_CONVERSION = YES;
				CLANG_WARN_DIRECT_OBJC_ISA_USAGE = YES_ERROR;
				CLANG_WARN_DOCUMENTATION_COMMENTS = YES;
				CLANG_WARN_EMPTY_BODY = YES;
				CLANG_WARN_ENUM_CONVERSION = YES;
				CLANG_WARN_INFINITE_RECURSION = YES;
				CLANG_WARN_INT_CONVERSION = YES;
				CLANG_WARN_OBJC_ROOT_CLASS = YES_ERROR;
				CLANG_WARN_SUSPICIOUS_MOVE = YES;
				CLANG_WARN_UNREACHABLE_CODE = YES;
				CLANG_WARN__DUPLICATE_METHOD_MATCH = YES;
				"CODE_SIGN_IDENTITY[sdk=iphoneos*]" = "iPhone Developer";
				COPY_PHASE_STRIP = NO;
				DEBUG_INFORMATION_FORMAT = dwarf;
				ENABLE_STRICT_OBJC_MSGSEND = YES;
				ENABLE_TESTABILITY = YES;
				GCC_C_LANGUAGE_STANDARD = gnu99;
				GCC_DYNAMIC_NO_PIC = NO;
				GCC_NO_COMMON_BLOCKS = YES;
				GCC_OPTIMIZATION_LEVEL = 0;
				GCC_PREPROCESSOR_DEFINITIONS = (
					"DEBUG=1",
					"$(inherited)",
				);
				GCC_WARN_64_TO_32_BIT_CONVERSION = YES;
				GCC_WARN_ABOUT_RETURN_TYPE = YES_ERROR;
				GCC_WARN_UNDECLARED_SELECTOR = YES;
				GCC_WARN_UNINITIALIZED_AUTOS = YES_AGGRESSIVE;
				GCC_WARN_UNUSED_FUNCTION = YES;
				GCC_WARN_UNUSED_VARIABLE = YES;
				IPHONEOS_DEPLOYMENT_TARGET = 10.2;
				MTL_ENABLE_DEBUG_INFO = YES;
				ONLY_ACTIVE_ARCH = YES;
				SDKROOT = iphoneos;
				SWIFT_ACTIVE_COMPILATION_CONDITIONS = DEBUG;
				SWIFT_OPTIMIZATION_LEVEL = "-Onone";
			};
			name = Debug;
		};
		1276750D1E232E1F00086D4D /* Release */ = {
			isa = XCBuildConfiguration;
			buildSettings = {
				ALWAYS_SEARCH_USER_PATHS = NO;
				CLANG_ANALYZER_NONNULL = YES;
				CLANG_CXX_LANGUAGE_STANDARD = "gnu++0x";
				CLANG_CXX_LIBRARY = "libc++";
				CLANG_ENABLE_MODULES = YES;
				CLANG_ENABLE_OBJC_ARC = YES;
				CLANG_WARN_BOOL_CONVERSION = YES;
				CLANG_WARN_CONSTANT_CONVERSION = YES;
				CLANG_WARN_DIRECT_OBJC_ISA_USAGE = YES_ERROR;
				CLANG_WARN_DOCUMENTATION_COMMENTS = YES;
				CLANG_WARN_EMPTY_BODY = YES;
				CLANG_WARN_ENUM_CONVERSION = YES;
				CLANG_WARN_INFINITE_RECURSION = YES;
				CLANG_WARN_INT_CONVERSION = YES;
				CLANG_WARN_OBJC_ROOT_CLASS = YES_ERROR;
				CLANG_WARN_SUSPICIOUS_MOVE = YES;
				CLANG_WARN_UNREACHABLE_CODE = YES;
				CLANG_WARN__DUPLICATE_METHOD_MATCH = YES;
				"CODE_SIGN_IDENTITY[sdk=iphoneos*]" = "iPhone Developer";
				COPY_PHASE_STRIP = NO;
				DEBUG_INFORMATION_FORMAT = "dwarf-with-dsym";
				ENABLE_NS_ASSERTIONS = NO;
				ENABLE_STRICT_OBJC_MSGSEND = YES;
				GCC_C_LANGUAGE_STANDARD = gnu99;
				GCC_NO_COMMON_BLOCKS = YES;
				GCC_WARN_64_TO_32_BIT_CONVERSION = YES;
				GCC_WARN_ABOUT_RETURN_TYPE = YES_ERROR;
				GCC_WARN_UNDECLARED_SELECTOR = YES;
				GCC_WARN_UNINITIALIZED_AUTOS = YES_AGGRESSIVE;
				GCC_WARN_UNUSED_FUNCTION = YES;
				GCC_WARN_UNUSED_VARIABLE = YES;
				IPHONEOS_DEPLOYMENT_TARGET = 10.2;
				MTL_ENABLE_DEBUG_INFO = NO;
				SDKROOT = iphoneos;
				SWIFT_OPTIMIZATION_LEVEL = "-Owholemodule";
				VALIDATE_PRODUCT = YES;
			};
			name = Release;
		};
		1276750F1E232E1F00086D4D /* Debug */ = {
			isa = XCBuildConfiguration;
			buildSettings = {
				ASSETCATALOG_COMPILER_APPICON_NAME = AppIcon;
				DEVELOPMENT_TEAM = 88ACA86N96;
				INFOPLIST_FILE = Camera/Info.plist;
				LD_RUNPATH_SEARCH_PATHS = "$(inherited) @executable_path/Frameworks";
				PRODUCT_BUNDLE_IDENTIFIER = me.cheeks.camera;
				PRODUCT_NAME = "$(TARGET_NAME)";
				SWIFT_VERSION = 3.0;
			};
			name = Debug;
		};
		127675101E232E1F00086D4D /* Release */ = {
			isa = XCBuildConfiguration;
			buildSettings = {
				ASSETCATALOG_COMPILER_APPICON_NAME = AppIcon;
				DEVELOPMENT_TEAM = 88ACA86N96;
				INFOPLIST_FILE = Camera/Info.plist;
				LD_RUNPATH_SEARCH_PATHS = "$(inherited) @executable_path/Frameworks";
				PRODUCT_BUNDLE_IDENTIFIER = me.cheeks.camera;
				PRODUCT_NAME = "$(TARGET_NAME)";
				SWIFT_VERSION = 3.0;
			};
			name = Release;
		};
/* End XCBuildConfiguration section */

/* Begin XCConfigurationList section */
		127674F71E232E1E00086D4D /* Build configuration list for PBXProject "Camera" */ = {
			isa = XCConfigurationList;
			buildConfigurations = (
				1276750C1E232E1F00086D4D /* Debug */,
				1276750D1E232E1F00086D4D /* Release */,
			);
			defaultConfigurationIsVisible = 0;
			defaultConfigurationName = Release;
		};
		1276750E1E232E1F00086D4D /* Build configuration list for PBXNativeTarget "Camera" */ = {
			isa = XCConfigurationList;
			buildConfigurations = (
				1276750F1E232E1F00086D4D /* Debug */,
				127675101E232E1F00086D4D /* Release */,
			);
			defaultConfigurationIsVisible = 0;
			defaultConfigurationName = Release;
		};
/* End XCConfigurationList section */
	};
	rootObject = 127674F41E232E1E00086D4D /* Project object */;
}
